
Microsoft Visual Studio Solution File, Format Version 12.00
Project("{FAE04EC0-301F-11D3-BF4B-00C04F79EFBC}") = "WebStoreApi", "WebStoreApi\WebStoreApi.csproj", "{320D2C7D-3E37-402A-A221-B77B0459843C}"
EndProject
Global
	GlobalSection(SolutionConfigurationPlatforms) = preSolution
		Debug|Any CPU = Debug|Any CPU
		Release|Any CPU = Release|Any CPU
	EndGlobalSection
	GlobalSection(ProjectConfigurationPlatforms) = postSolution
		{320D2C7D-3E37-402A-A221-B77B0459843C}.Debug|Any CPU.ActiveCfg = Debug|Any CPU
		{320D2C7D-3E37-402A-A221-B77B0459843C}.Debug|Any CPU.Build.0 = Debug|Any CPU
		{320D2C7D-3E37-402A-A221-B77B0459843C}.Release|Any CPU.ActiveCfg = Release|Any CPU
		{320D2C7D-3E37-402A-A221-B77B0459843C}.Release|Any CPU.Build.0 = Release|Any CPU
	EndGlobalSection
EndGlobal
